# This file is automatically @generated by Cargo.
# It is not intended for manual editing.
version = 3

[[package]]
name = "cross-platform-release"
version = "0.1.0"
dependencies = [
 "current_platform",
]

[[package]]
name = "current_platform"
version = "0.2.0"
source = "registry+https://github.com/rust-lang/crates.io-index"
checksum = "a74858bcfe44b22016cb49337d7b6f04618c58e5dbfdef61b06b8c434324a0bc"
